
Microsoft Visual Studio Solution File, Format Version 12.00
# Visual Studio 15
VisualStudioVersion = 15.0.27130.2027
MinimumVisualStudioVersion = 10.0.40219.1
Project("{FAE04EC0-301F-11D3-BF4B-00C04F79EFBC}") = "DoAnQLCB_Nhom10", "DoAnQLCB_Nhom10\DoAnQLCB_Nhom10.csproj", "{CA6D02F0-47E0-4EC9-8F1E-BD9B5E6F0C07}"
EndProject
Global
	GlobalSection(SolutionConfigurationPlatforms) = preSolution
		Debug|Any CPU = Debug|Any CPU
		Release|Any CPU = Release|Any CPU
	EndGlobalSection
	GlobalSection(ProjectConfigurationPlatforms) = postSolution
		{CA6D02F0-47E0-4EC9-8F1E-BD9B5E6F0C07}.Debug|Any CPU.ActiveCfg = Debug|Any CPU
		{CA6D02F0-47E0-4EC9-8F1E-BD9B5E6F0C07}.Debug|Any CPU.Build.0 = Debug|Any CPU
		{CA6D02F0-47E0-4EC9-8F1E-BD9B5E6F0C07}.Release|Any CPU.ActiveCfg = Release|Any CPU
		{CA6D02F0-47E0-4EC9-8F1E-BD9B5E6F0C07}.Release|Any CPU.Build.0 = Release|Any CPU
	EndGlobalSection
	GlobalSection(SolutionProperties) = preSolution
		HideSolutionNode = FALSE
	EndGlobalSection
	GlobalSection(ExtensibilityGlobals) = postSolution
		SolutionGuid = {8F7C0D00-F9D0-417F-9FD0-0ECC69013A69}
	EndGlobalSection
EndGlobal
