
Microsoft Visual Studio Solution File, Format Version 12.00
# Visual Studio 15
VisualStudioVersion = 15.0.27130.2027
MinimumVisualStudioVersion = 10.0.40219.1
Project("{FAE04EC0-301F-11D3-BF4B-00C04F79EFBC}") = "GUI", "GUI\GUI.csproj", "{0111985F-8C23-4ED0-AB3D-0E2118DD6998}"
EndProject
Global
	GlobalSection(SolutionConfigurationPlatforms) = preSolution
		Debug|Any CPU = Debug|Any CPU
		Release|Any CPU = Release|Any CPU
	EndGlobalSection
	GlobalSection(ProjectConfigurationPlatforms) = postSolution
		{0111985F-8C23-4ED0-AB3D-0E2118DD6998}.Debug|Any CPU.ActiveCfg = Debug|Any CPU
		{0111985F-8C23-4ED0-AB3D-0E2118DD6998}.Debug|Any CPU.Build.0 = Debug|Any CPU
		{0111985F-8C23-4ED0-AB3D-0E2118DD6998}.Release|Any CPU.ActiveCfg = Release|Any CPU
		{0111985F-8C23-4ED0-AB3D-0E2118DD6998}.Release|Any CPU.Build.0 = Release|Any CPU
	EndGlobalSection
	GlobalSection(SolutionProperties) = preSolution
		HideSolutionNode = FALSE
	EndGlobalSection
	GlobalSection(ExtensibilityGlobals) = postSolution
		SolutionGuid = {4B1C6179-6FEB-40BE-8F22-41AF5A93F3A8}
	EndGlobalSection
EndGlobal
